
Microsoft Visual Studio Solution File, Format Version 12.00
# Visual Studio Version 16
VisualStudioVersion = 25.0.1703.0
MinimumVisualStudioVersion = 10.0.40219.1
Project("{FAE04EC0-301F-11D3-BF4B-00C04F79EFBC}") = "RockPaperScissors-Project", "RockPaperScissors-Project.csproj", "{BD1457DE-C1F0-4436-8967-3FBEC1E10F72}"
EndProject
Global
	GlobalSection(SolutionConfigurationPlatforms) = preSolution
		Debug|Any CPU = Debug|Any CPU
		Release|Any CPU = Release|Any CPU
	EndGlobalSection
	GlobalSection(ProjectConfigurationPlatforms) = postSolution
		{BD1457DE-C1F0-4436-8967-3FBEC1E10F72}.Debug|Any CPU.ActiveCfg = Debug|Any CPU
		{BD1457DE-C1F0-4436-8967-3FBEC1E10F72}.Debug|Any CPU.Build.0 = Debug|Any CPU
		{BD1457DE-C1F0-4436-8967-3FBEC1E10F72}.Release|Any CPU.ActiveCfg = Release|Any CPU
		{BD1457DE-C1F0-4436-8967-3FBEC1E10F72}.Release|Any CPU.Build.0 = Release|Any CPU
	EndGlobalSection
	GlobalSection(SolutionProperties) = preSolution
		HideSolutionNode = FALSE
	EndGlobalSection
	GlobalSection(ExtensibilityGlobals) = postSolution
		SolutionGuid = {6B9B125F-493C-4E55-9485-7146222CFD12}
	EndGlobalSection
EndGlobal
